
Microsoft Visual Studio Solution File, Format Version 12.00
# Visual Studio Version 17
VisualStudioVersion = 17.4.33122.133
MinimumVisualStudioVersion = 10.0.40219.1
Project("{FAE04EC0-301F-11D3-BF4B-00C04F79EFBC}") = "WpfApp1", "WpfApp1\WpfApp1.csproj", "{DF3B3862-00EA-41AD-B2E9-3098C9125E7B}"
EndProject
Global
	GlobalSection(SolutionConfigurationPlatforms) = preSolution
		Debug|Any CPU = Debug|Any CPU
		Release|Any CPU = Release|Any CPU
	EndGlobalSection
	GlobalSection(ProjectConfigurationPlatforms) = postSolution
		{DF3B3862-00EA-41AD-B2E9-3098C9125E7B}.Debug|Any CPU.ActiveCfg = Debug|Any CPU
		{DF3B3862-00EA-41AD-B2E9-3098C9125E7B}.Debug|Any CPU.Build.0 = Debug|Any CPU
		{DF3B3862-00EA-41AD-B2E9-3098C9125E7B}.Release|Any CPU.ActiveCfg = Release|Any CPU
		{DF3B3862-00EA-41AD-B2E9-3098C9125E7B}.Release|Any CPU.Build.0 = Release|Any CPU
	EndGlobalSection
	GlobalSection(SolutionProperties) = preSolution
		HideSolutionNode = FALSE
	EndGlobalSection
	GlobalSection(ExtensibilityGlobals) = postSolution
		SolutionGuid = {A59891A6-9DF0-4D6E-A4B6-E7221A70A09E}
	EndGlobalSection
EndGlobal
